
Microsoft Visual Studio Solution File, Format Version 12.00
# Visual Studio 15
Project("{FAE04EC0-301F-11D3-BF4B-00C04F79EFBC}") = "Assembly-CSharp", "Assembly-CSharp.csproj", "{91229380-8498-2DAE-7490-E7546E9A082A}"
EndProject
Project("{FAE04EC0-301F-11D3-BF4B-00C04F79EFBC}") = "Assembly-CSharp-firstpass", "Assembly-CSharp-firstpass.csproj", "{6751E788-A5B9-4F14-0D32-6E9B87F1D2B9}"
EndProject
Project("{FAE04EC0-301F-11D3-BF4B-00C04F79EFBC}") = "Assembly-CSharp-Editor", "Assembly-CSharp-Editor.csproj", "{4CB8BA29-383A-2433-3785-441A79DBB6E5}"
EndProject
Global
	GlobalSection(SolutionConfigurationPlatforms) = preSolution
		Debug|Any CPU = Debug|Any CPU
		Release|Any CPU = Release|Any CPU
	EndGlobalSection
	GlobalSection(ProjectConfigurationPlatforms) = postSolution
		{91229380-8498-2DAE-7490-E7546E9A082A}.Debug|Any CPU.ActiveCfg = Debug|Any CPU
		{91229380-8498-2DAE-7490-E7546E9A082A}.Debug|Any CPU.Build.0 = Debug|Any CPU
		{91229380-8498-2DAE-7490-E7546E9A082A}.Release|Any CPU.ActiveCfg = Release|Any CPU
		{91229380-8498-2DAE-7490-E7546E9A082A}.Release|Any CPU.Build.0 = Release|Any CPU
		{6751E788-A5B9-4F14-0D32-6E9B87F1D2B9}.Debug|Any CPU.ActiveCfg = Debug|Any CPU
		{6751E788-A5B9-4F14-0D32-6E9B87F1D2B9}.Debug|Any CPU.Build.0 = Debug|Any CPU
		{6751E788-A5B9-4F14-0D32-6E9B87F1D2B9}.Release|Any CPU.ActiveCfg = Release|Any CPU
		{6751E788-A5B9-4F14-0D32-6E9B87F1D2B9}.Release|Any CPU.Build.0 = Release|Any CPU
		{4CB8BA29-383A-2433-3785-441A79DBB6E5}.Debug|Any CPU.ActiveCfg = Debug|Any CPU
		{4CB8BA29-383A-2433-3785-441A79DBB6E5}.Debug|Any CPU.Build.0 = Debug|Any CPU
		{4CB8BA29-383A-2433-3785-441A79DBB6E5}.Release|Any CPU.ActiveCfg = Release|Any CPU
		{4CB8BA29-383A-2433-3785-441A79DBB6E5}.Release|Any CPU.Build.0 = Release|Any CPU
	EndGlobalSection
	GlobalSection(SolutionProperties) = preSolution
		HideSolutionNode = FALSE
	EndGlobalSection
EndGlobal
